{
  "name": "homectrl-moziot",
  "version": "1.0.0",
  "lockfileVersion": 1,
  "requires": true,
  "dependencies": {
    "microinject": {
      "version": "0.5.2",
      "resolved": "https://nexus.wptdev.com/nexus/repository/npm-group/microinject/-/microinject-0.5.2.tgz",
      "integrity": "sha512-Sejvz2usWCrqh199Yk5u3c7o2X4yCMlZtFUT2cv7Rr+Um/AH08sQ15RwnhNJPXSmFEkLQsUUVssBJb8/rn3EqA==",
      "requires": {
        "uuid": "^3.2.1"
      }
    },
    "uuid": {
      "version": "3.3.2",
      "resolved": "https://nexus.wptdev.com/nexus/repository/npm-group/uuid/-/uuid-3.3.2.tgz",
      "integrity": "sha512-yXJmeNaw3DnnKAOKJE51sL/ZaYfWJRl1pK9dr19YFCu0ObS231AB1/LbqTKRAQ5kw8A90rA6fr4riOUpTZvQZA=="
    }
  }
}
